
Microsoft Visual Studio Solution File, Format Version 12.00
# Visual Studio 15
VisualStudioVersion = 15.0.27703.2026
MinimumVisualStudioVersion = 10.0.40219.1
Project("{9A19103F-16F7-4668-BE54-9A1E7A4F7556}") = "Electron", "Electron.csproj", "{47EC410B-2595-426E-BFE5-A6AF3D983F68}"
EndProject
Global
	GlobalSection(SolutionConfigurationPlatforms) = preSolution
		Debug|Any CPU = Debug|Any CPU
		Release|Any CPU = Release|Any CPU
	EndGlobalSection
	GlobalSection(ProjectConfigurationPlatforms) = postSolution
		{47EC410B-2595-426E-BFE5-A6AF3D983F68}.Debug|Any CPU.ActiveCfg = Debug|Any CPU
		{47EC410B-2595-426E-BFE5-A6AF3D983F68}.Debug|Any CPU.Build.0 = Debug|Any CPU
		{47EC410B-2595-426E-BFE5-A6AF3D983F68}.Release|Any CPU.ActiveCfg = Release|Any CPU
		{47EC410B-2595-426E-BFE5-A6AF3D983F68}.Release|Any CPU.Build.0 = Release|Any CPU
	EndGlobalSection
	GlobalSection(SolutionProperties) = preSolution
		HideSolutionNode = FALSE
	EndGlobalSection
	GlobalSection(ExtensibilityGlobals) = postSolution
		SolutionGuid = {522B1B92-6687-4E32-9241-F30AE3869865}
	EndGlobalSection
EndGlobal
